
Microsoft Visual Studio Solution File, Format Version 12.00
# Visual Studio Version 17
VisualStudioVersion = 17.5.002.0
MinimumVisualStudioVersion = 10.0.40219.1
Project("{9A19103F-16F7-4668-BE54-9A1E7A4F7556}") = "TodoApi", "TodoApi.csproj", "{39496BB1-A881-4933-833D-F4F6E87C9E7D}"
EndProject
Global
	GlobalSection(SolutionConfigurationPlatforms) = preSolution
		Debug|Any CPU = Debug|Any CPU
		Release|Any CPU = Release|Any CPU
	EndGlobalSection
	GlobalSection(ProjectConfigurationPlatforms) = postSolution
		{39496BB1-A881-4933-833D-F4F6E87C9E7D}.Debug|Any CPU.ActiveCfg = Debug|Any CPU
		{39496BB1-A881-4933-833D-F4F6E87C9E7D}.Debug|Any CPU.Build.0 = Debug|Any CPU
		{39496BB1-A881-4933-833D-F4F6E87C9E7D}.Release|Any CPU.ActiveCfg = Release|Any CPU
		{39496BB1-A881-4933-833D-F4F6E87C9E7D}.Release|Any CPU.Build.0 = Release|Any CPU
	EndGlobalSection
	GlobalSection(SolutionProperties) = preSolution
		HideSolutionNode = FALSE
	EndGlobalSection
	GlobalSection(ExtensibilityGlobals) = postSolution
		SolutionGuid = {A36CAD69-361E-4591-8748-CDF01C21D2B6}
	EndGlobalSection
EndGlobal
